{
  "version": 4,
  "terraform_version": "1.4.4",
  "serial": 20,
  "lineage": "5a3fbff5-7c36-54db-9d2a-56af848595bb",
  "outputs": {},
  "resources": [
    {
      "mode": "data",
      "type": "ibm_is_image",
      "name": "centos",
      "provider": "provider[\"registry.terraform.io/ibm-cloud/ibm\"]",
      "instances": [
        {
          "schema_version": 0,
          "attributes": {
            "access_tags": [],
            "architecture": "amd64",
            "catalog_offering": [
              {
                "managed": false,
                "version": []
              }
            ],
            "checksum": null,
            "crn": "crn:v1:bluemix:public:is:us-south:::image:r006-e0039ab2-fcc8-11e9-8a36-6ffb6501dd33",
            "encryption": "none",
            "encryption_key": null,
            "id": "r006-e0039ab2-fcc8-11e9-8a36-6ffb6501dd33",
            "identifier": null,
            "name": "ibm-centos-7-6-minimal-amd64-1",
            "os": "centos-7-amd64",
            "source_volume": null,
            "status": "deprecated",
            "visibility": "public"
          },
          "sensitive_attributes": []
        }
      ]
    },
    {
      "mode": "data",
      "type": "ibm_is_ssh_key",
      "name": "ssh_key",
      "provider": "provider[\"registry.terraform.io/ibm-cloud/ibm\"]",
      "instances": [
        {
          "schema_version": 0,
          "attributes": {
            "access_tags": [],
            "crn": "crn:v1:bluemix:public:is:us-south:a/2f95fd2bbe3a966d0aa26d8d27bc2241::key:r006-bb453d30-4bb0-4a74-abca-d0667c4a45b8",
            "fingerprint": "SHA256:638BCkd88JhiysHCTssr8gIfqvzC7EQ5bFp6bngaD6w",
            "id": "r006-bb453d30-4bb0-4a74-abca-d0667c4a45b8",
            "length": 4096,
            "name": "mysshkeyforvpc",
            "public_key": "ssh-rsa AAAAB3NzaC1yc2EAAAABIwAAAgEA0GvZ7R7FGp/phsksayf7UfDC22LzFC3NrSjdTuWfjDxqJjabHG4MDa10LsgCaI3VhxpWU6p+S2iqjHEWafOq/mJs4ivHxISTutmGy+sX4r93ECaYwp0NT5sMgiAVsKri40cjeA2ndt00HUU6hbQ0GvH8sQg77b37PuaFPhLSxxlF/IDCmQ5fAkcPl7P9dEKU5ndmm+3sFE102hjBwKBemrqWLSFhx4Ipo3GECbRnKuuhj0bC+3I4dF5TzaspuWqv1DD9CPHuV6MWPTnoLkgAdUa3WC1HHrIewvQ/e7BH7IK59IebRoddkD4B0Vh7KAWrBjMzR+elKh1aPNNbxEK6X4+AeifLuU66lplmc0KFMN9FPT4csXqv5m0oyY2Wmm/n1MSnKfk9Lve0woRWGyCynjODQjmVIYxCN767yO6GWQnfj6OHQ7fM4RM0/W3I4IFsksMcPI2dqlqrwwB20nO4U8PRhqYDbt4XGyhOeYnFydeltJrNG/7WjK7n260UEFsxLm2QCBKP6Hpa9z7EKNgKsVuCmGtAbFt0BSXkX4x4tmlVOLHDGch9LgYvKAAdYWxL2WXwNMFcNcQ/oAnnTwt+4GUuzB96JbjWi1nFgz6SVEW9Iwta8Vxrty+7qQiHIM4/OmvSRddTBHB7HtWtf3G2nxKCaRNNzFw4fJ6HsfmSBqs= rbansal@us.ibm.com",
            "resource_controller_url": "https://cloud.ibm.com/vpc/compute/sshKeys",
            "resource_crn": "crn:v1:bluemix:public:is:us-south:a/2f95fd2bbe3a966d0aa26d8d27bc2241::key:r006-bb453d30-4bb0-4a74-abca-d0667c4a45b8",
            "resource_group": null,
            "resource_group_name": "2d7c4832853247839563efef68fc2aba",
            "resource_name": "mysshkeyforvpc",
            "type": "rsa"
          },
          "sensitive_attributes": []
        }
      ]
    },
    {
      "mode": "data",
      "type": "ibm_resource_group",
      "name": "group",
      "provider": "provider[\"registry.terraform.io/ibm-cloud/ibm\"]",
      "instances": [
        {
          "schema_version": 0,
          "attributes": {
            "account_id": "2f95fd2bbe3a966d0aa26d8d27bc2241",
            "created_at": "2017-09-17T08:27:59.071Z",
            "crn": "crn:v1:bluemix:public:resource-controller::a/2f95fd2bbe3a966d0aa26d8d27bc2241::resource-group:2d7c4832853247839563efef68fc2aba",
            "id": "2d7c4832853247839563efef68fc2aba",
            "is_default": true,
            "name": "default",
            "payment_methods_url": null,
            "quota_id": "a3d7b8d01e261c24677937c29ab33f3c",
            "quota_url": "/v2/quota_definitions/a3d7b8d01e261c24677937c29ab33f3c",
            "resource_linkages": [],
            "state": "ACTIVE",
            "teams_url": null,
            "updated_at": "2019-07-02T06:32:43.832Z"
          },
          "sensitive_attributes": []
        }
      ]
    },
    {
      "mode": "managed",
      "type": "ibm_is_floating_ip",
      "name": "fip1",
      "provider": "provider[\"registry.terraform.io/ibm-cloud/ibm\"]",
      "instances": [
        {
          "schema_version": 0,
          "attributes": {
            "access_tags": [],
            "address": "52.118.145.155",
            "crn": "crn:v1:bluemix:public:is:us-south-1:a/2f95fd2bbe3a966d0aa26d8d27bc2241::floating-ip:r006-da50ab65-7bcf-419f-a906-a0a1741edb26",
            "id": "r006-da50ab65-7bcf-419f-a906-a0a1741edb26",
            "name": "xxx-fip1",
            "resource_controller_url": "https://cloud.ibm.com/vpc-ext/network/floatingIPs",
            "resource_crn": "crn:v1:bluemix:public:is:us-south-1:a/2f95fd2bbe3a966d0aa26d8d27bc2241::floating-ip:r006-da50ab65-7bcf-419f-a906-a0a1741edb26",
            "resource_group": "2d7c4832853247839563efef68fc2aba",
            "resource_group_name": "default",
            "resource_name": "xxx-fip1",
            "resource_status": "available",
            "status": "available",
            "tags": [],
            "target": "0717-17e033cf-b5c2-4ab3-951c-e175ba2ba255",
            "target_list": [
              {
                "crn": "",
                "deleted": [],
                "href": "https://us-south.iaas.cloud.ibm.com/v1/instances/0717_6f470477-bb6b-4321-bb3a-7540dfe660f6/network_interfaces/0717-17e033cf-b5c2-4ab3-951c-e175ba2ba255",
                "id": "0717-17e033cf-b5c2-4ab3-951c-e175ba2ba255",
                "name": "tuck-dealate-computing-gone",
                "primary_ip": [
                  {
                    "address": "10.240.0.4",
                    "href": "https://us-south.iaas.cloud.ibm.com/v1/subnets/0717-4457d249-b7d5-41e5-94aa-ca07fdd376ad/reserved_ips/0717-35f8c77d-1b59-4193-a396-11f2c6fc6919",
                    "name": "racing-passion-above-semester",
                    "reserved_ip": "0717-35f8c77d-1b59-4193-a396-11f2c6fc6919",
                    "resource_type": "subnet_reserved_ip"
                  }
                ],
                "resource_type": "network_interface"
              }
            ],
            "timeouts": null,
            "zone": "us-south-1"
          },
          "sensitive_attributes": [],
          "private": "eyJlMmJmYjczMC1lY2FhLTExZTYtOGY4OC0zNDM2M2JjN2M0YzAiOnsiY3JlYXRlIjo2MDAwMDAwMDAwMDAsImRlbGV0ZSI6NjAwMDAwMDAwMDAwfX0=",
          "dependencies": [
            "data.ibm_is_image.centos",
            "data.ibm_is_ssh_key.ssh_key",
            "data.ibm_resource_group.group",
            "ibm_is_instance.vsi1",
            "ibm_is_subnet.subnet1",
            "ibm_is_vpc.vpc1"
          ]
        }
      ]
    },
    {
      "mode": "managed",
      "type": "ibm_is_instance",
      "name": "vsi1",
      "provider": "provider[\"registry.terraform.io/ibm-cloud/ibm\"]",
      "instances": [
        {
          "schema_version": 0,
          "attributes": {
            "access_tags": [],
            "action": null,
            "auto_delete_volume": null,
            "availability_policy_host_failure": "restart",
            "bandwidth": 4000,
            "boot_volume": [
              {
                "auto_delete_volume": true,
                "encryption": "",
                "iops": 3000,
                "name": "trodden-protege-figment-unaudited",
                "profile": "general-purpose",
                "size": 100,
                "snapshot": "",
                "tags": [],
                "volume_id": "r006-cd4c1544-bac8-448e-b37c-3be5e1b69378"
              }
            ],
            "catalog_offering": [],
            "crn": "crn:v1:bluemix:public:is:us-south-1:a/2f95fd2bbe3a966d0aa26d8d27bc2241::instance:0717_6f470477-bb6b-4321-bb3a-7540dfe660f6",
            "dedicated_host": null,
            "dedicated_host_group": null,
            "default_trusted_profile_auto_link": null,
            "default_trusted_profile_target": null,
            "disks": [],
            "force_action": false,
            "force_recovery_time": null,
            "gpu": [],
            "id": "0717_6f470477-bb6b-4321-bb3a-7540dfe660f6",
            "image": "r006-e0039ab2-fcc8-11e9-8a36-6ffb6501dd33",
            "instance_template": null,
            "keys": [
              "r006-bb453d30-4bb0-4a74-abca-d0667c4a45b8"
            ],
            "lifecycle_reasons": [],
            "lifecycle_state": "stable",
            "memory": 8,
            "metadata_service": [
              {
                "enabled": false,
                "protocol": "http",
                "response_hop_limit": 1
              }
            ],
            "metadata_service_enabled": false,
            "name": "xxx-vsi1",
            "network_interfaces": [],
            "placement_group": null,
            "placement_target": [],
            "primary_network_interface": [
              {
                "allow_ip_spoofing": false,
                "id": "0717-17e033cf-b5c2-4ab3-951c-e175ba2ba255",
                "name": "tuck-dealate-computing-gone",
                "port_speed": 3000,
                "primary_ip": [
                  {
                    "address": "10.240.0.4",
                    "auto_delete": true,
                    "href": "https://us-south.iaas.cloud.ibm.com/v1/subnets/0717-4457d249-b7d5-41e5-94aa-ca07fdd376ad/reserved_ips/0717-35f8c77d-1b59-4193-a396-11f2c6fc6919",
                    "name": "racing-passion-above-semester",
                    "reserved_ip": "0717-35f8c77d-1b59-4193-a396-11f2c6fc6919",
                    "resource_type": "subnet_reserved_ip"
                  }
                ],
                "primary_ipv4_address": "10.240.0.4",
                "security_groups": [
                  "r006-e1ff88e3-4bc6-47da-9869-ed0422975606"
                ],
                "subnet": "0717-4457d249-b7d5-41e5-94aa-ca07fdd376ad"
              }
            ],
            "profile": "bx2-2x8",
            "resource_controller_url": "https://cloud.ibm.com/vpc-ext/compute/vs",
            "resource_crn": "crn:v1:bluemix:public:is:us-south-1:a/2f95fd2bbe3a966d0aa26d8d27bc2241::instance:0717_6f470477-bb6b-4321-bb3a-7540dfe660f6",
            "resource_group": "2d7c4832853247839563efef68fc2aba",
            "resource_group_name": "default",
            "resource_name": "xxx-vsi1",
            "resource_status": "running",
            "status": "running",
            "status_reasons": [],
            "tags": [],
            "timeouts": null,
            "total_network_bandwidth": 3000,
            "total_volume_bandwidth": 1000,
            "user_data": null,
            "vcpu": [
              {
                "architecture": "amd64",
                "count": 2
              }
            ],
            "volume_attachments": [
              {
                "id": "0717-c89f68cb-82c8-4a9a-8493-330e310ffe12",
                "name": "panning-itinerary-bonded-helpful",
                "volume_crn": "crn:v1:bluemix:public:is:us-south-1:a/2f95fd2bbe3a966d0aa26d8d27bc2241::volume:r006-cd4c1544-bac8-448e-b37c-3be5e1b69378",
                "volume_id": "r006-cd4c1544-bac8-448e-b37c-3be5e1b69378",
                "volume_name": "trodden-protege-figment-unaudited"
              }
            ],
            "volumes": null,
            "vpc": "r006-63d818d8-d938-4925-a954-a7dda2a48e5b",
            "wait_before_delete": true,
            "zone": "us-south-1"
          },
          "sensitive_attributes": [],
          "private": "eyJlMmJmYjczMC1lY2FhLTExZTYtOGY4OC0zNDM2M2JjN2M0YzAiOnsiY3JlYXRlIjoxODAwMDAwMDAwMDAwLCJkZWxldGUiOjE4MDAwMDAwMDAwMDAsInVwZGF0ZSI6MTgwMDAwMDAwMDAwMH19",
          "dependencies": [
            "data.ibm_is_image.centos",
            "data.ibm_is_ssh_key.ssh_key",
            "data.ibm_resource_group.group",
            "ibm_is_subnet.subnet1",
            "ibm_is_vpc.vpc1"
          ]
        }
      ]
    },
    {
      "mode": "managed",
      "type": "ibm_is_security_group",
      "name": "sg1",
      "provider": "provider[\"registry.terraform.io/ibm-cloud/ibm\"]",
      "instances": [
        {
          "schema_version": 0,
          "attributes": {
            "access_tags": [],
            "crn": "crn:v1:bluemix:public:is:us-south:a/2f95fd2bbe3a966d0aa26d8d27bc2241::security-group:r006-2df4c2c2-299f-4633-a43d-e984b15b1323",
            "id": "r006-2df4c2c2-299f-4633-a43d-e984b15b1323",
            "name": "xxx-vpc-sg1",
            "resource_controller_url": "https://cloud.ibm.com/vpc-ext/network/securityGroups",
            "resource_crn": "crn:v1:bluemix:public:is:us-south:a/2f95fd2bbe3a966d0aa26d8d27bc2241::security-group:r006-2df4c2c2-299f-4633-a43d-e984b15b1323",
            "resource_group": "2d7c4832853247839563efef68fc2aba",
            "resource_group_name": "default",
            "resource_name": "xxx-vpc-sg1",
            "rules": [],
            "tags": [],
            "timeouts": null,
            "vpc": "r006-63d818d8-d938-4925-a954-a7dda2a48e5b"
          },
          "sensitive_attributes": [],
          "private": "eyJlMmJmYjczMC1lY2FhLTExZTYtOGY4OC0zNDM2M2JjN2M0YzAiOnsiY3JlYXRlIjo2MDAwMDAwMDAwMDAsImRlbGV0ZSI6NjAwMDAwMDAwMDAwfX0=",
          "dependencies": [
            "data.ibm_resource_group.group",
            "ibm_is_vpc.vpc1"
          ]
        }
      ]
    },
    {
      "mode": "managed",
      "type": "ibm_is_security_group_rule",
      "name": "example-ingress_ssh_all",
      "provider": "provider[\"registry.terraform.io/ibm-cloud/ibm\"]",
      "instances": [
        {
          "schema_version": 0,
          "attributes": {
            "direction": "inbound",
            "group": "r006-2df4c2c2-299f-4633-a43d-e984b15b1323",
            "icmp": [],
            "id": "r006-2df4c2c2-299f-4633-a43d-e984b15b1323.r006-726147f0-8225-4224-baa0-5c9a163a3ee8",
            "ip_version": "ipv4",
            "protocol": "tcp",
            "related_crn": "crn:v1:bluemix:public:is:us-south:a/2f95fd2bbe3a966d0aa26d8d27bc2241::security-group:r006-2df4c2c2-299f-4633-a43d-e984b15b1323",
            "remote": "0.0.0.0/0",
            "rule_id": "r006-726147f0-8225-4224-baa0-5c9a163a3ee8",
            "tcp": [
              {
                "port_max": 22,
                "port_min": 22
              }
            ],
            "udp": []
          },
          "sensitive_attributes": [],
          "private": "bnVsbA==",
          "dependencies": [
            "data.ibm_resource_group.group",
            "ibm_is_security_group.sg1",
            "ibm_is_vpc.vpc1"
          ]
        }
      ]
    },
    {
      "mode": "managed",
      "type": "ibm_is_subnet",
      "name": "subnet1",
      "provider": "provider[\"registry.terraform.io/ibm-cloud/ibm\"]",
      "instances": [
        {
          "schema_version": 0,
          "attributes": {
            "access_tags": [],
            "available_ipv4_address_count": 251,
            "crn": "crn:v1:bluemix:public:is:us-south-1:a/2f95fd2bbe3a966d0aa26d8d27bc2241::subnet:0717-4457d249-b7d5-41e5-94aa-ca07fdd376ad",
            "id": "0717-4457d249-b7d5-41e5-94aa-ca07fdd376ad",
            "ip_version": "ipv4",
            "ipv4_cidr_block": "10.240.0.0/24",
            "name": "xxx-subnet-1",
            "network_acl": "r006-133172d5-1054-4c2b-9fa7-880c97091d90",
            "public_gateway": "",
            "resource_controller_url": "https://cloud.ibm.com/vpc-ext/network/subnets",
            "resource_crn": "crn:v1:bluemix:public:is:us-south-1:a/2f95fd2bbe3a966d0aa26d8d27bc2241::subnet:0717-4457d249-b7d5-41e5-94aa-ca07fdd376ad",
            "resource_group": "2d7c4832853247839563efef68fc2aba",
            "resource_group_name": "default",
            "resource_name": "xxx-subnet-1",
            "resource_status": "available",
            "routing_table": "r006-7ff50d68-8d31-4f6e-850c-e1c3485aedf1",
            "status": "available",
            "tags": [],
            "timeouts": null,
            "total_ipv4_address_count": 256,
            "vpc": "r006-63d818d8-d938-4925-a954-a7dda2a48e5b",
            "zone": "us-south-1"
          },
          "sensitive_attributes": [],
          "private": "eyJlMmJmYjczMC1lY2FhLTExZTYtOGY4OC0zNDM2M2JjN2M0YzAiOnsiY3JlYXRlIjo2MDAwMDAwMDAwMDAsImRlbGV0ZSI6NjAwMDAwMDAwMDAwLCJ1cGRhdGUiOjYwMDAwMDAwMDAwMH19",
          "dependencies": [
            "data.ibm_resource_group.group",
            "ibm_is_vpc.vpc1"
          ]
        }
      ]
    },
    {
      "mode": "managed",
      "type": "ibm_is_vpc",
      "name": "vpc1",
      "provider": "provider[\"registry.terraform.io/ibm-cloud/ibm\"]",
      "instances": [
        {
          "schema_version": 0,
          "attributes": {
            "access_tags": [],
            "address_prefix_management": "auto",
            "classic_access": false,
            "crn": "crn:v1:bluemix:public:is:us-south:a/2f95fd2bbe3a966d0aa26d8d27bc2241::vpc:r006-63d818d8-d938-4925-a954-a7dda2a48e5b",
            "cse_source_addresses": [
              {
                "address": "10.249.67.46",
                "zone_name": "us-south-1"
              },
              {
                "address": "10.12.156.185",
                "zone_name": "us-south-2"
              },
              {
                "address": "10.249.215.231",
                "zone_name": "us-south-3"
              }
            ],
            "default_network_acl": "r006-133172d5-1054-4c2b-9fa7-880c97091d90",
            "default_network_acl_crn": "crn:v1:bluemix:public:is:us-south:a/2f95fd2bbe3a966d0aa26d8d27bc2241::network-acl:r006-133172d5-1054-4c2b-9fa7-880c97091d90",
            "default_network_acl_name": "detract-unpiloted-emblem-wolfish",
            "default_routing_table": "r006-7ff50d68-8d31-4f6e-850c-e1c3485aedf1",
            "default_routing_table_name": "freemason-renewed-cane-await",
            "default_security_group": "r006-e1ff88e3-4bc6-47da-9869-ed0422975606",
            "default_security_group_crn": "crn:v1:bluemix:public:is:us-south:a/2f95fd2bbe3a966d0aa26d8d27bc2241::security-group:r006-e1ff88e3-4bc6-47da-9869-ed0422975606",
            "default_security_group_name": "sherry-reawake-pasture-gradation",
            "id": "r006-63d818d8-d938-4925-a954-a7dda2a48e5b",
            "name": "xxx-vpc",
            "resource_controller_url": "https://cloud.ibm.com/vpc-ext/network/vpcs",
            "resource_crn": "crn:v1:bluemix:public:is:us-south:a/2f95fd2bbe3a966d0aa26d8d27bc2241::vpc:r006-63d818d8-d938-4925-a954-a7dda2a48e5b",
            "resource_group": "2d7c4832853247839563efef68fc2aba",
            "resource_group_name": "default",
            "resource_name": "xxx-vpc",
            "resource_status": "available",
            "security_group": [
              {
                "group_id": "r006-e1ff88e3-4bc6-47da-9869-ed0422975606",
                "group_name": "sherry-reawake-pasture-gradation",
                "rules": [
                  {
                    "code": 0,
                    "direction": "outbound",
                    "ip_version": "ipv4",
                    "port_max": 0,
                    "port_min": 0,
                    "protocol": "all",
                    "remote": "0.0.0.0/0",
                    "rule_id": "r006-f904485e-4799-4954-b9b1-2f5b31d8f9ba",
                    "type": 0
                  },
                  {
                    "code": 0,
                    "direction": "inbound",
                    "ip_version": "ipv4",
                    "port_max": 0,
                    "port_min": 0,
                    "protocol": "all",
                    "remote": "r006-e1ff88e3-4bc6-47da-9869-ed0422975606",
                    "rule_id": "r006-03219ac9-0e47-4bad-a486-5c2341545174",
                    "type": 0
                  }
                ]
              }
            ],
            "status": "available",
            "subnets": [],
            "tags": [],
            "timeouts": null
          },
          "sensitive_attributes": [],
          "private": "eyJlMmJmYjczMC1lY2FhLTExZTYtOGY4OC0zNDM2M2JjN2M0YzAiOnsiY3JlYXRlIjo2MDAwMDAwMDAwMDAsImRlbGV0ZSI6NjAwMDAwMDAwMDAwfX0=",
          "dependencies": [
            "data.ibm_resource_group.group"
          ]
        }
      ]
    }
  ],
  "check_results": null
}
